
Microsoft Visual Studio Solution File, Format Version 12.00
# Visual Studio Version 16
VisualStudioVersion = 16.0.29306.81
MinimumVisualStudioVersion = 10.0.40219.1
Project("{FAE04EC0-301F-11D3-BF4B-00C04F79EFBC}") = "IsBSTHD", "IsBSTHD\IsBSTHD.csproj", "{C693FC9C-D0B0-4371-8426-F93A1699A5EA}"
EndProject
Global
	GlobalSection(SolutionConfigurationPlatforms) = preSolution
		Debug|Any CPU = Debug|Any CPU
		Release|Any CPU = Release|Any CPU
	EndGlobalSection
	GlobalSection(ProjectConfigurationPlatforms) = postSolution
		{C693FC9C-D0B0-4371-8426-F93A1699A5EA}.Debug|Any CPU.ActiveCfg = Debug|Any CPU
		{C693FC9C-D0B0-4371-8426-F93A1699A5EA}.Debug|Any CPU.Build.0 = Debug|Any CPU
		{C693FC9C-D0B0-4371-8426-F93A1699A5EA}.Release|Any CPU.ActiveCfg = Release|Any CPU
		{C693FC9C-D0B0-4371-8426-F93A1699A5EA}.Release|Any CPU.Build.0 = Release|Any CPU
	EndGlobalSection
	GlobalSection(SolutionProperties) = preSolution
		HideSolutionNode = FALSE
	EndGlobalSection
	GlobalSection(ExtensibilityGlobals) = postSolution
		SolutionGuid = {EC7FF58D-18E6-4345-B3F7-A38827DC4724}
	EndGlobalSection
EndGlobal
