
Microsoft Visual Studio Solution File, Format Version 12.00
# Visual Studio Version 16
VisualStudioVersion = 16.0.29306.81
MinimumVisualStudioVersion = 10.0.40219.1
Project("{FAE04EC0-301F-11D3-BF4B-00C04F79EFBC}") = "BTT", "BTT\BTT.csproj", "{B74672BF-22E7-451E-AF06-F7BFA256F10A}"
EndProject
Global
	GlobalSection(SolutionConfigurationPlatforms) = preSolution
		Debug|Any CPU = Debug|Any CPU
		Release|Any CPU = Release|Any CPU
	EndGlobalSection
	GlobalSection(ProjectConfigurationPlatforms) = postSolution
		{B74672BF-22E7-451E-AF06-F7BFA256F10A}.Debug|Any CPU.ActiveCfg = Debug|Any CPU
		{B74672BF-22E7-451E-AF06-F7BFA256F10A}.Debug|Any CPU.Build.0 = Debug|Any CPU
		{B74672BF-22E7-451E-AF06-F7BFA256F10A}.Release|Any CPU.ActiveCfg = Release|Any CPU
		{B74672BF-22E7-451E-AF06-F7BFA256F10A}.Release|Any CPU.Build.0 = Release|Any CPU
	EndGlobalSection
	GlobalSection(SolutionProperties) = preSolution
		HideSolutionNode = FALSE
	EndGlobalSection
	GlobalSection(ExtensibilityGlobals) = postSolution
		SolutionGuid = {1A88EC4C-F085-48C1-B7C9-F5DC9A2F6137}
	EndGlobalSection
EndGlobal
