
Microsoft Visual Studio Solution File, Format Version 12.00
# Visual Studio Version 16
VisualStudioVersion = 16.0.29306.81
MinimumVisualStudioVersion = 10.0.40219.1
Project("{FAE04EC0-301F-11D3-BF4B-00C04F79EFBC}") = "IsBST", "IsBST\IsBST.csproj", "{F9D0B869-2572-4B3D-AADB-086B94731E25}"
EndProject
Global
	GlobalSection(SolutionConfigurationPlatforms) = preSolution
		Debug|Any CPU = Debug|Any CPU
		Release|Any CPU = Release|Any CPU
	EndGlobalSection
	GlobalSection(ProjectConfigurationPlatforms) = postSolution
		{F9D0B869-2572-4B3D-AADB-086B94731E25}.Debug|Any CPU.ActiveCfg = Debug|Any CPU
		{F9D0B869-2572-4B3D-AADB-086B94731E25}.Debug|Any CPU.Build.0 = Debug|Any CPU
		{F9D0B869-2572-4B3D-AADB-086B94731E25}.Release|Any CPU.ActiveCfg = Release|Any CPU
		{F9D0B869-2572-4B3D-AADB-086B94731E25}.Release|Any CPU.Build.0 = Release|Any CPU
	EndGlobalSection
	GlobalSection(SolutionProperties) = preSolution
		HideSolutionNode = FALSE
	EndGlobalSection
	GlobalSection(ExtensibilityGlobals) = postSolution
		SolutionGuid = {4F7A9E72-5583-4402-8BE8-205718424654}
	EndGlobalSection
EndGlobal
